
Microsoft Visual Studio Solution File, Format Version 12.00
# Visual Studio Version 16
VisualStudioVersion = 16.0.30517.126
MinimumVisualStudioVersion = 10.0.40219.1
Project("{FAE04EC0-301F-11D3-BF4B-00C04F79EFBC}") = "BlackSheep", "BlackSheep\BlackSheep.csproj", "{12530219-4052-4A01-9C3A-63AC73F88AE9}"
EndProject
Project("{FAE04EC0-301F-11D3-BF4B-00C04F79EFBC}") = "ChuckNorrisRandomJoke", "ChuckNorrisRandomJoke\ChuckNorrisRandomJoke.csproj", "{D4BA5A4F-6A59-4AED-8CFD-BBCFD12EAA26}"
EndProject
Project("{FAE04EC0-301F-11D3-BF4B-00C04F79EFBC}") = "ChuckNorrisJokeReader", "ChuckNorrisJokeReader\ChuckNorrisJokeReader.csproj", "{B328BA38-815C-49FF-902A-E460A4C321C5}"
EndProject
Project("{FAE04EC0-301F-11D3-BF4B-00C04F79EFBC}") = "FruitAndVeggies", "FruitAndVeggies\FruitAndVeggies.csproj", "{B53B1628-8A91-41F5-A9EF-EDC4DB688234}"
EndProject
Global
	GlobalSection(SolutionConfigurationPlatforms) = preSolution
		Debug|Any CPU = Debug|Any CPU
		Release|Any CPU = Release|Any CPU
	EndGlobalSection
	GlobalSection(ProjectConfigurationPlatforms) = postSolution
		{12530219-4052-4A01-9C3A-63AC73F88AE9}.Debug|Any CPU.ActiveCfg = Debug|Any CPU
		{12530219-4052-4A01-9C3A-63AC73F88AE9}.Debug|Any CPU.Build.0 = Debug|Any CPU
		{12530219-4052-4A01-9C3A-63AC73F88AE9}.Release|Any CPU.ActiveCfg = Release|Any CPU
		{12530219-4052-4A01-9C3A-63AC73F88AE9}.Release|Any CPU.Build.0 = Release|Any CPU
		{D4BA5A4F-6A59-4AED-8CFD-BBCFD12EAA26}.Debug|Any CPU.ActiveCfg = Debug|Any CPU
		{D4BA5A4F-6A59-4AED-8CFD-BBCFD12EAA26}.Debug|Any CPU.Build.0 = Debug|Any CPU
		{D4BA5A4F-6A59-4AED-8CFD-BBCFD12EAA26}.Release|Any CPU.ActiveCfg = Release|Any CPU
		{D4BA5A4F-6A59-4AED-8CFD-BBCFD12EAA26}.Release|Any CPU.Build.0 = Release|Any CPU
		{B328BA38-815C-49FF-902A-E460A4C321C5}.Debug|Any CPU.ActiveCfg = Debug|Any CPU
		{B328BA38-815C-49FF-902A-E460A4C321C5}.Debug|Any CPU.Build.0 = Debug|Any CPU
		{B328BA38-815C-49FF-902A-E460A4C321C5}.Release|Any CPU.ActiveCfg = Release|Any CPU
		{B328BA38-815C-49FF-902A-E460A4C321C5}.Release|Any CPU.Build.0 = Release|Any CPU
		{B53B1628-8A91-41F5-A9EF-EDC4DB688234}.Debug|Any CPU.ActiveCfg = Debug|Any CPU
		{B53B1628-8A91-41F5-A9EF-EDC4DB688234}.Debug|Any CPU.Build.0 = Debug|Any CPU
		{B53B1628-8A91-41F5-A9EF-EDC4DB688234}.Release|Any CPU.ActiveCfg = Release|Any CPU
		{B53B1628-8A91-41F5-A9EF-EDC4DB688234}.Release|Any CPU.Build.0 = Release|Any CPU
	EndGlobalSection
	GlobalSection(SolutionProperties) = preSolution
		HideSolutionNode = FALSE
	EndGlobalSection
	GlobalSection(ExtensibilityGlobals) = postSolution
		SolutionGuid = {305B9062-0670-4D77-B368-C4339D9F52B9}
	EndGlobalSection
EndGlobal
